// !$*UTF8*$!
{
	archiveVersion = 1;
	classes = {
	};
	objectVersion = 46;
	objects = {

/* Begin PBXBuildFile section */
		AAC03ABF186F4DDF00A13F13 /* libRestKit.a in Frameworks */ = {isa = PBXBuildFile; fileRef = AAE5EF67186E512A00959A01 /* libRestKit.a */; };
		AAC03AC0186F4E0200A13F13 /* SystemConfiguration.framework in Frameworks */ = {isa = PBXBuildFile; fileRef = AAE5EF5C186E510200959A01 /* SystemConfiguration.framework */; };
		AAC03AC1186F4E0E00A13F13 /* Security.framework in Frameworks */ = {isa = PBXBuildFile; fileRef = AAE5EF5A186E50F600959A01 /* Security.framework */; };
		AAC03AC2186F4E1900A13F13 /* MobileCoreServices.framework in Frameworks */ = {isa = PBXBuildFile; fileRef = AAE5EF58186E50EF00959A01 /* MobileCoreServices.framework */; };
		AAC03AC3186F4E2500A13F13 /* libxml2.dylib in Frameworks */ = {isa = PBXBuildFile; fileRef = AAE5EF56186E50E100959A01 /* libxml2.dylib */; };
		AAC03AC4186F4E2F00A13F13 /* CoreData.framework in Frameworks */ = {isa = PBXBuildFile; fileRef = AAE5EF54186E50D400959A01 /* CoreData.framework */; };
		AAC03AC5186F4E3D00A13F13 /* CFNetwork.framework in Frameworks */ = {isa = PBXBuildFile; fileRef = AAE5EF52186E50AD00959A01 /* CFNetwork.framework */; };
		AAC03AC6186F4E4A00A13F13 /* QuartzCore.framework in Frameworks */ = {isa = PBXBuildFile; fileRef = AAE5EF50186E50A400959A01 /* QuartzCore.framework */; };
		AAE5EF18186E4F6400959A01 /* Foundation.framework in Frameworks */ = {isa = PBXBuildFile; fileRef = AAE5EF17186E4F6400959A01 /* Foundation.framework */; };
		AAE5EF1A186E4F6400959A01 /* CoreGraphics.framework in Frameworks */ = {isa = PBXBuildFile; fileRef = AAE5EF19186E4F6400959A01 /* CoreGraphics.framework */; };
		AAE5EF1C186E4F6400959A01 /* UIKit.framework in Frameworks */ = {isa = PBXBuildFile; fileRef = AAE5EF1B186E4F6400959A01 /* UIKit.framework */; };
		AAE5EF22186E4F6400959A01 /* InfoPlist.strings in Resources */ = {isa = PBXBuildFile; fileRef = AAE5EF20186E4F6400959A01 /* InfoPlist.strings */; };
		AAE5EF24186E4F6400959A01 /* main.m in Sources */ = {isa = PBXBuildFile; fileRef = AAE5EF23186E4F6400959A01 /* main.m */; };
		AAE5EF28186E4F6400959A01 /* YKAppDelegate.m in Sources */ = {isa = PBXBuildFile; fileRef = AAE5EF27186E4F6400959A01 /* YKAppDelegate.m */; };
		AAE5EF2B186E4F6400959A01 /* Main_iPhone.storyboard in Resources */ = {isa = PBXBuildFile; fileRef = AAE5EF29186E4F6400959A01 /* Main_iPhone.storyboard */; };
		AAE5EF2E186E4F6400959A01 /* Main_iPad.storyboard in Resources */ = {isa = PBXBuildFile; fileRef = AAE5EF2C186E4F6400959A01 /* Main_iPad.storyboard */; };
		AAE5EF31186E4F6400959A01 /* YKViewController.m in Sources */ = {isa = PBXBuildFile; fileRef = AAE5EF30186E4F6400959A01 /* YKViewController.m */; };
		AAE5EF33186E4F6400959A01 /* Images.xcassets in Resources */ = {isa = PBXBuildFile; fileRef = AAE5EF32186E4F6400959A01 /* Images.xcassets */; };
		AAE5EF3A186E4F6400959A01 /* XCTest.framework in Frameworks */ = {isa = PBXBuildFile; fileRef = AAE5EF39186E4F6400959A01 /* XCTest.framework */; };
		AAE5EF3B186E4F6400959A01 /* Foundation.framework in Frameworks */ = {isa = PBXBuildFile; fileRef = AAE5EF17186E4F6400959A01 /* Foundation.framework */; };
		AAE5EF3C186E4F6400959A01 /* UIKit.framework in Frameworks */ = {isa = PBXBuildFile; fileRef = AAE5EF1B186E4F6400959A01 /* UIKit.framework */; };
		AAE5EF44186E4F6400959A01 /* InfoPlist.strings in Resources */ = {isa = PBXBuildFile; fileRef = AAE5EF42186E4F6400959A01 /* InfoPlist.strings */; };
		AAE5EF46186E4F6400959A01 /* YoukeywordTests.m in Sources */ = {isa = PBXBuildFile; fileRef = AAE5EF45186E4F6400959A01 /* YoukeywordTests.m */; };
		AAE5EF51186E50A400959A01 /* QuartzCore.framework in Frameworks */ = {isa = PBXBuildFile; fileRef = AAE5EF50186E50A400959A01 /* QuartzCore.framework */; };
		AAE5EF53186E50AD00959A01 /* CFNetwork.framework in Frameworks */ = {isa = PBXBuildFile; fileRef = AAE5EF52186E50AD00959A01 /* CFNetwork.framework */; };
		AAE5EF55186E50D400959A01 /* CoreData.framework in Frameworks */ = {isa = PBXBuildFile; fileRef = AAE5EF54186E50D400959A01 /* CoreData.framework */; };
		AAE5EF57186E50E100959A01 /* libxml2.dylib in Frameworks */ = {isa = PBXBuildFile; fileRef = AAE5EF56186E50E100959A01 /* libxml2.dylib */; };
		AAE5EF59186E50EF00959A01 /* MobileCoreServices.framework in Frameworks */ = {isa = PBXBuildFile; fileRef = AAE5EF58186E50EF00959A01 /* MobileCoreServices.framework */; };
		AAE5EF5B186E50F600959A01 /* Security.framework in Frameworks */ = {isa = PBXBuildFile; fileRef = AAE5EF5A186E50F600959A01 /* Security.framework */; };
		AAE5EF5D186E510200959A01 /* SystemConfiguration.framework in Frameworks */ = {isa = PBXBuildFile; fileRef = AAE5EF5C186E510200959A01 /* SystemConfiguration.framework */; };
		AAE5EF70186E514B00959A01 /* libRestKit.a in Frameworks */ = {isa = PBXBuildFile; fileRef = AAE5EF67186E512A00959A01 /* libRestKit.a */; };
		D22F40857356195145F264E3 /* HTTPMethodHostSpecs.m.bak in Sources */ = {isa = PBXBuildFile; fileRef = D22F4BA959211B83D700113E /* HTTPMethodHostSpecs.m.bak */; };
		D22F4149EF1C938180F4D195 /* YoukeywordService.m in Sources */ = {isa = PBXBuildFile; fileRef = D22F4E9E5501D51DB34D9BA6 /* YoukeywordService.m */; };
		D22F43A811F8CF839992A602 /* DTRequestVerifier.m in Sources */ = {isa = PBXBuildFile; fileRef = D22F4B390B5E703A4F8DB1A1 /* DTRequestVerifier.m */; };
		D22F43BFCF690DA417D69C5A /* YKMeanings.m in Sources */ = {isa = PBXBuildFile; fileRef = D22F4A879731E89D35DAFAFD /* YKMeanings.m */; };
		D22F43C5E41F3FA6939EE3A2 /* YKSearchResponse.m in Sources */ = {isa = PBXBuildFile; fileRef = D22F4EEABEA80087EF87C143 /* YKSearchResponse.m */; };
		D22F444456E4A6185A2061AC /* YoukeywordServiceTests.m in Sources */ = {isa = PBXBuildFile; fileRef = D22F4FBE0F0A39B84251703B /* YoukeywordServiceTests.m */; };
		D22F447E93CFBB989D1B4AB4 /* RequestVerifierTestCase.m.bak in Sources */ = {isa = PBXBuildFile; fileRef = D22F43EBF0B930A513C463D5 /* RequestVerifierTestCase.m.bak */; };
		D22F44C0035354517F1F1F8A /* YKNote.m in Sources */ = {isa = PBXBuildFile; fileRef = D22F4224CF31B5A141915C29 /* YKNote.m */; };
		D22F473796150D7F96049204 /* HTTPMethodHostSpecs.m.bak in Sources */ = {isa = PBXBuildFile; fileRef = D22F4BA959211B83D700113E /* HTTPMethodHostSpecs.m.bak */; };
		D22F47B3C14CAF018A81958B /* MasterViewController.m in Sources */ = {isa = PBXBuildFile; fileRef = D22F453AC5D09DBC1E8FFF21 /* MasterViewController.m */; };
		D22F47EF343DAE772A4C10AD /* MasterViewController.m in Sources */ = {isa = PBXBuildFile; fileRef = D22F453AC5D09DBC1E8FFF21 /* MasterViewController.m */; };
		D22F4836FC86A0305E81F354 /* YKNoteEditorViewController.m in Sources */ = {isa = PBXBuildFile; fileRef = D22F42A5AE9D16B20FA52898 /* YKNoteEditorViewController.m */; };
		D22F48DBEA61A41AE269E3A0 /* XCTest.framework in Frameworks */ = {isa = PBXBuildFile; fileRef = AAE5EF39186E4F6400959A01 /* XCTest.framework */; };
		D22F48DDAA5A226ACD2FBF11 /* YoukeywordService.m in Sources */ = {isa = PBXBuildFile; fileRef = D22F4E9E5501D51DB34D9BA6 /* YoukeywordService.m */; };
		D22F48F1C9874BA1F57EFB25 /* YKNotesListViewController.m in Sources */ = {isa = PBXBuildFile; fileRef = D22F4EBBB8BAD05FE1334F07 /* YKNotesListViewController.m */; };
		D22F4925238C0F6D9BC99084 /* RequestVerifierTestCase.m.bak in Sources */ = {isa = PBXBuildFile; fileRef = D22F43EBF0B930A513C463D5 /* RequestVerifierTestCase.m.bak */; };
		D22F4A42142FB81A1BB9AE33 /* YKNoteEditorViewController.m in Sources */ = {isa = PBXBuildFile; fileRef = D22F42A5AE9D16B20FA52898 /* YKNoteEditorViewController.m */; };
		D22F4D1487E8A039E0E3FE1D /* YKNote.m in Sources */ = {isa = PBXBuildFile; fileRef = D22F4224CF31B5A141915C29 /* YKNote.m */; };
		D22F4D3197DA0342F1AAB49A /* YKSearchResponse.m in Sources */ = {isa = PBXBuildFile; fileRef = D22F4EEABEA80087EF87C143 /* YKSearchResponse.m */; };
		D22F4D6C18885346A26615B3 /* VenueCell.m in Sources */ = {isa = PBXBuildFile; fileRef = D22F481324A12978AF40CED2 /* VenueCell.m */; };
		D22F4DD04B0D40AC7FC4CB89 /* DTRequestVerifier.m in Sources */ = {isa = PBXBuildFile; fileRef = D22F4B390B5E703A4F8DB1A1 /* DTRequestVerifier.m */; };
		D22F4DED9EF64B8D62C1B09D /* YKNotesListViewController.m in Sources */ = {isa = PBXBuildFile; fileRef = D22F4EBBB8BAD05FE1334F07 /* YKNotesListViewController.m */; };
		D22F4E89348FF5574EDBD25D /* YKMeanings.m in Sources */ = {isa = PBXBuildFile; fileRef = D22F4A879731E89D35DAFAFD /* YKMeanings.m */; };
		D22F4F53BC67A0D758A0B1A6 /* VenueCell.m in Sources */ = {isa = PBXBuildFile; fileRef = D22F481324A12978AF40CED2 /* VenueCell.m */; };
		D22F4F840EC910E8D500084B /* Keywords.m in Sources */ = {isa = PBXBuildFile; fileRef = D22F4350A0E55218524AD134 /* Keywords.m */; };
		D22F4FC58A517D4C4868AF4B /* Keywords.m in Sources */ = {isa = PBXBuildFile; fileRef = D22F4350A0E55218524AD134 /* Keywords.m */; };
/* End PBXBuildFile section */

/* Begin PBXContainerItemProxy section */
		AAE5EF3D186E4F6400959A01 /* PBXContainerItemProxy */ = {
			isa = PBXContainerItemProxy;
			containerPortal = AAE5EF0C186E4F6400959A01 /* Project object */;
			proxyType = 1;
			remoteGlobalIDString = AAE5EF13186E4F6400959A01;
			remoteInfo = Youkeyword;
		};
		AAE5EF66186E512A00959A01 /* PBXContainerItemProxy */ = {
			isa = PBXContainerItemProxy;
			containerPortal = AAE5EF5E186E512900959A01 /* RestKit.xcodeproj */;
			proxyType = 2;
			remoteGlobalIDString = 25160D1614564E810060A5C5;
			remoteInfo = RestKit;
		};
		AAE5EF68186E512A00959A01 /* PBXContainerItemProxy */ = {
			isa = PBXContainerItemProxy;
			containerPortal = AAE5EF5E186E512900959A01 /* RestKit.xcodeproj */;
			proxyType = 2;
			remoteGlobalIDString = 25160D2614564E820060A5C5;
			remoteInfo = RestKitTests;
		};
		AAE5EF6A186E512A00959A01 /* PBXContainerItemProxy */ = {
			isa = PBXContainerItemProxy;
			containerPortal = AAE5EF5E186E512900959A01 /* RestKit.xcodeproj */;
			proxyType = 2;
			remoteGlobalIDString = 25160E62145651060060A5C5;
			remoteInfo = RestKitFramework;
		};
		AAE5EF6C186E512A00959A01 /* PBXContainerItemProxy */ = {
			isa = PBXContainerItemProxy;
			containerPortal = AAE5EF5E186E512900959A01 /* RestKit.xcodeproj */;
			proxyType = 2;
			remoteGlobalIDString = 25160E78145651060060A5C5;
			remoteInfo = RestKitFrameworkTests;
		};
		AAE5EF6E186E512A00959A01 /* PBXContainerItemProxy */ = {
			isa = PBXContainerItemProxy;
			containerPortal = AAE5EF5E186E512900959A01 /* RestKit.xcodeproj */;
			proxyType = 2;
			remoteGlobalIDString = 259C301615128079003066A2;
			remoteInfo = RestKitResources;
		};
		AAE5EF71186E515100959A01 /* PBXContainerItemProxy */ = {
			isa = PBXContainerItemProxy;
			containerPortal = AAE5EF5E186E512900959A01 /* RestKit.xcodeproj */;
			proxyType = 1;
			remoteGlobalIDString = 25160D1514564E810060A5C5;
			remoteInfo = RestKit;
		};
/* End PBXContainerItemProxy section */

/* Begin PBXFileReference section */
		AAE5EF14186E4F6400959A01 /* Youkeyword.app */ = {isa = PBXFileReference; explicitFileType = wrapper.application; includeInIndex = 0; path = Youkeyword.app; sourceTree = BUILT_PRODUCTS_DIR; };
		AAE5EF17186E4F6400959A01 /* Foundation.framework */ = {isa = PBXFileReference; lastKnownFileType = wrapper.framework; name = Foundation.framework; path = System/Library/Frameworks/Foundation.framework; sourceTree = SDKROOT; };
		AAE5EF19186E4F6400959A01 /* CoreGraphics.framework */ = {isa = PBXFileReference; lastKnownFileType = wrapper.framework; name = CoreGraphics.framework; path = System/Library/Frameworks/CoreGraphics.framework; sourceTree = SDKROOT; };
		AAE5EF1B186E4F6400959A01 /* UIKit.framework */ = {isa = PBXFileReference; lastKnownFileType = wrapper.framework; name = UIKit.framework; path = System/Library/Frameworks/UIKit.framework; sourceTree = SDKROOT; };
		AAE5EF1F186E4F6400959A01 /* Youkeyword-Info.plist */ = {isa = PBXFileReference; lastKnownFileType = text.plist.xml; path = "Youkeyword-Info.plist"; sourceTree = "<group>"; };
		AAE5EF21186E4F6400959A01 /* en */ = {isa = PBXFileReference; lastKnownFileType = text.plist.strings; name = en; path = en.lproj/InfoPlist.strings; sourceTree = "<group>"; };
		AAE5EF23186E4F6400959A01 /* main.m */ = {isa = PBXFileReference; lastKnownFileType = sourcecode.c.objc; path = main.m; sourceTree = "<group>"; };
		AAE5EF25186E4F6400959A01 /* Youkeyword-Prefix.pch */ = {isa = PBXFileReference; lastKnownFileType = sourcecode.c.h; path = "Youkeyword-Prefix.pch"; sourceTree = "<group>"; };
		AAE5EF26186E4F6400959A01 /* YKAppDelegate.h */ = {isa = PBXFileReference; lastKnownFileType = sourcecode.c.h; path = YKAppDelegate.h; sourceTree = "<group>"; };
		AAE5EF27186E4F6400959A01 /* YKAppDelegate.m */ = {isa = PBXFileReference; lastKnownFileType = sourcecode.c.objc; path = YKAppDelegate.m; sourceTree = "<group>"; };
		AAE5EF2A186E4F6400959A01 /* Base */ = {isa = PBXFileReference; lastKnownFileType = file.storyboard; name = Base; path = Base.lproj/Main_iPhone.storyboard; sourceTree = "<group>"; };
		AAE5EF2D186E4F6400959A01 /* Base */ = {isa = PBXFileReference; lastKnownFileType = file.storyboard; name = Base; path = Base.lproj/Main_iPad.storyboard; sourceTree = "<group>"; };
		AAE5EF2F186E4F6400959A01 /* YKViewController.h */ = {isa = PBXFileReference; lastKnownFileType = sourcecode.c.h; path = YKViewController.h; sourceTree = "<group>"; };
		AAE5EF30186E4F6400959A01 /* YKViewController.m */ = {isa = PBXFileReference; lastKnownFileType = sourcecode.c.objc; path = YKViewController.m; sourceTree = "<group>"; };
		AAE5EF32186E4F6400959A01 /* Images.xcassets */ = {isa = PBXFileReference; lastKnownFileType = folder.assetcatalog; path = Images.xcassets; sourceTree = "<group>"; };
		AAE5EF38186E4F6400959A01 /* YoukeywordTests.xctest */ = {isa = PBXFileReference; explicitFileType = wrapper.cfbundle; includeInIndex = 0; path = YoukeywordTests.xctest; sourceTree = BUILT_PRODUCTS_DIR; };
		AAE5EF39186E4F6400959A01 /* XCTest.framework */ = {isa = PBXFileReference; lastKnownFileType = wrapper.framework; name = XCTest.framework; path = Library/Frameworks/XCTest.framework; sourceTree = DEVELOPER_DIR; };
		AAE5EF41186E4F6400959A01 /* YoukeywordTests-Info.plist */ = {isa = PBXFileReference; lastKnownFileType = text.plist.xml; path = "YoukeywordTests-Info.plist"; sourceTree = "<group>"; };
		AAE5EF43186E4F6400959A01 /* en */ = {isa = PBXFileReference; lastKnownFileType = text.plist.strings; name = en; path = en.lproj/InfoPlist.strings; sourceTree = "<group>"; };
		AAE5EF45186E4F6400959A01 /* YoukeywordTests.m */ = {isa = PBXFileReference; lastKnownFileType = sourcecode.c.objc; path = YoukeywordTests.m; sourceTree = "<group>"; };
		AAE5EF50186E50A400959A01 /* QuartzCore.framework */ = {isa = PBXFileReference; lastKnownFileType = wrapper.framework; name = QuartzCore.framework; path = System/Library/Frameworks/QuartzCore.framework; sourceTree = SDKROOT; };
		AAE5EF52186E50AD00959A01 /* CFNetwork.framework */ = {isa = PBXFileReference; lastKnownFileType = wrapper.framework; name = CFNetwork.framework; path = System/Library/Frameworks/CFNetwork.framework; sourceTree = SDKROOT; };
		AAE5EF54186E50D400959A01 /* CoreData.framework */ = {isa = PBXFileReference; lastKnownFileType = wrapper.framework; name = CoreData.framework; path = System/Library/Frameworks/CoreData.framework; sourceTree = SDKROOT; };
		AAE5EF56186E50E100959A01 /* libxml2.dylib */ = {isa = PBXFileReference; lastKnownFileType = "compiled.mach-o.dylib"; name = libxml2.dylib; path = usr/lib/libxml2.dylib; sourceTree = SDKROOT; };
		AAE5EF58186E50EF00959A01 /* MobileCoreServices.framework */ = {isa = PBXFileReference; lastKnownFileType = wrapper.framework; name = MobileCoreServices.framework; path = System/Library/Frameworks/MobileCoreServices.framework; sourceTree = SDKROOT; };
		AAE5EF5A186E50F600959A01 /* Security.framework */ = {isa = PBXFileReference; lastKnownFileType = wrapper.framework; name = Security.framework; path = System/Library/Frameworks/Security.framework; sourceTree = SDKROOT; };
		AAE5EF5C186E510200959A01 /* SystemConfiguration.framework */ = {isa = PBXFileReference; lastKnownFileType = wrapper.framework; name = SystemConfiguration.framework; path = System/Library/Frameworks/SystemConfiguration.framework; sourceTree = SDKROOT; };
		AAE5EF5E186E512900959A01 /* RestKit.xcodeproj */ = {isa = PBXFileReference; lastKnownFileType = "wrapper.pb-project"; name = RestKit.xcodeproj; path = RestKit/RestKit.xcodeproj; sourceTree = "<group>"; };
		D22F4001A455026573FA8A45 /* YoukeywordService.h */ = {isa = PBXFileReference; fileEncoding = 4; lastKnownFileType = sourcecode.c.h; path = YoukeywordService.h; sourceTree = "<group>"; };
		D22F41EC30EF14D4D778DAED /* Keywords.h */ = {isa = PBXFileReference; fileEncoding = 4; lastKnownFileType = sourcecode.c.h; path = Keywords.h; sourceTree = "<group>"; };
		D22F4224CF31B5A141915C29 /* YKNote.m */ = {isa = PBXFileReference; fileEncoding = 4; lastKnownFileType = sourcecode.c.objc; path = YKNote.m; sourceTree = "<group>"; };
		D22F42A5AE9D16B20FA52898 /* YKNoteEditorViewController.m */ = {isa = PBXFileReference; fileEncoding = 4; lastKnownFileType = sourcecode.c.objc; path = YKNoteEditorViewController.m; sourceTree = "<group>"; };
		D22F4350A0E55218524AD134 /* Keywords.m */ = {isa = PBXFileReference; fileEncoding = 4; lastKnownFileType = sourcecode.c.objc; path = Keywords.m; sourceTree = "<group>"; };
		D22F43EBF0B930A513C463D5 /* RequestVerifierTestCase.m.bak */ = {isa = PBXFileReference; fileEncoding = 4; lastKnownFileType = file.bak; path = RequestVerifierTestCase.m.bak; sourceTree = "<group>"; };
		D22F44DE2635BA833D91D11B /* YKNotesListViewController.h */ = {isa = PBXFileReference; fileEncoding = 4; lastKnownFileType = sourcecode.c.h; path = YKNotesListViewController.h; sourceTree = "<group>"; };
		D22F453AC5D09DBC1E8FFF21 /* MasterViewController.m */ = {isa = PBXFileReference; fileEncoding = 4; lastKnownFileType = sourcecode.c.objc; path = MasterViewController.m; sourceTree = "<group>"; };
		D22F47006FBF44D171506F42 /* YKMeanings.h */ = {isa = PBXFileReference; fileEncoding = 4; lastKnownFileType = sourcecode.c.h; path = YKMeanings.h; sourceTree = "<group>"; };
		D22F481324A12978AF40CED2 /* VenueCell.m */ = {isa = PBXFileReference; fileEncoding = 4; lastKnownFileType = sourcecode.c.objc; path = VenueCell.m; sourceTree = "<group>"; };
		D22F4918AE9ECD0D13A2E54D /* VenueCell.h */ = {isa = PBXFileReference; fileEncoding = 4; lastKnownFileType = sourcecode.c.h; path = VenueCell.h; sourceTree = "<group>"; };
		D22F49BAD54239A67D60FA04 /* MasterViewController.h */ = {isa = PBXFileReference; fileEncoding = 4; lastKnownFileType = sourcecode.c.h; path = MasterViewController.h; sourceTree = "<group>"; };
		D22F4A879731E89D35DAFAFD /* YKMeanings.m */ = {isa = PBXFileReference; fileEncoding = 4; lastKnownFileType = sourcecode.c.objc; path = YKMeanings.m; sourceTree = "<group>"; };
		D22F4A8F0E498D61C3DCA01B /* YKSearchResponse.h */ = {isa = PBXFileReference; fileEncoding = 4; lastKnownFileType = sourcecode.c.h; name = YKSearchResponse.h; path = Data/YKSearchResponse.h; sourceTree = "<group>"; };
		D22F4B19706C8EF1C21ED986 /* YKNoteEditorViewController.h */ = {isa = PBXFileReference; fileEncoding = 4; lastKnownFileType = sourcecode.c.h; path = YKNoteEditorViewController.h; sourceTree = "<group>"; };
		D22F4B390B5E703A4F8DB1A1 /* DTRequestVerifier.m */ = {isa = PBXFileReference; fileEncoding = 4; lastKnownFileType = sourcecode.c.objc; path = DTRequestVerifier.m; sourceTree = "<group>"; };
		D22F4BA959211B83D700113E /* HTTPMethodHostSpecs.m.bak */ = {isa = PBXFileReference; fileEncoding = 4; lastKnownFileType = file.bak; path = HTTPMethodHostSpecs.m.bak; sourceTree = "<group>"; };
		D22F4C1595343F77DDDE4295 /* DTRequestVerifier.h */ = {isa = PBXFileReference; fileEncoding = 4; lastKnownFileType = sourcecode.c.h; path = DTRequestVerifier.h; sourceTree = "<group>"; };
		D22F4E0332F6D7D68543323D /* RequestVerifierTestCase.h.bak */ = {isa = PBXFileReference; fileEncoding = 4; lastKnownFileType = file.bak; path = RequestVerifierTestCase.h.bak; sourceTree = "<group>"; };
		D22F4E3307C0C2357A71D6C8 /* YKNote.h */ = {isa = PBXFileReference; fileEncoding = 4; lastKnownFileType = sourcecode.c.h; path = YKNote.h; sourceTree = "<group>"; };
		D22F4E9E5501D51DB34D9BA6 /* YoukeywordService.m */ = {isa = PBXFileReference; fileEncoding = 4; lastKnownFileType = sourcecode.c.objc; path = YoukeywordService.m; sourceTree = "<group>"; };
		D22F4EBBB8BAD05FE1334F07 /* YKNotesListViewController.m */ = {isa = PBXFileReference; fileEncoding = 4; lastKnownFileType = sourcecode.c.objc; path = YKNotesListViewController.m; sourceTree = "<group>"; };
		D22F4EEABEA80087EF87C143 /* YKSearchResponse.m */ = {isa = PBXFileReference; fileEncoding = 4; lastKnownFileType = sourcecode.c.objc; name = YKSearchResponse.m; path = Data/YKSearchResponse.m; sourceTree = "<group>"; };
		D22F4FBE0F0A39B84251703B /* YoukeywordServiceTests.m */ = {isa = PBXFileReference; fileEncoding = 4; lastKnownFileType = sourcecode.c.objc; path = YoukeywordServiceTests.m; sourceTree = "<group>"; };
/* End PBXFileReference section */

/* Begin PBXFrameworksBuildPhase section */
		AAE5EF11186E4F6400959A01 /* Frameworks */ = {
			isa = PBXFrameworksBuildPhase;
			buildActionMask = 2147483647;
			files = (
				AAE5EF70186E514B00959A01 /* libRestKit.a in Frameworks */,
				AAE5EF5D186E510200959A01 /* SystemConfiguration.framework in Frameworks */,
				AAE5EF5B186E50F600959A01 /* Security.framework in Frameworks */,
				AAE5EF59186E50EF00959A01 /* MobileCoreServices.framework in Frameworks */,
				AAE5EF57186E50E100959A01 /* libxml2.dylib in Frameworks */,
				AAE5EF55186E50D400959A01 /* CoreData.framework in Frameworks */,
				AAE5EF53186E50AD00959A01 /* CFNetwork.framework in Frameworks */,
				AAE5EF51186E50A400959A01 /* QuartzCore.framework in Frameworks */,
				AAE5EF1A186E4F6400959A01 /* CoreGraphics.framework in Frameworks */,
				AAE5EF1C186E4F6400959A01 /* UIKit.framework in Frameworks */,
				AAE5EF18186E4F6400959A01 /* Foundation.framework in Frameworks */,
			);
			runOnlyForDeploymentPostprocessing = 0;
		};
		AAE5EF35186E4F6400959A01 /* Frameworks */ = {
			isa = PBXFrameworksBuildPhase;
			buildActionMask = 2147483647;
			files = (
				AAC03AC6186F4E4A00A13F13 /* QuartzCore.framework in Frameworks */,
				AAC03AC5186F4E3D00A13F13 /* CFNetwork.framework in Frameworks */,
				AAC03AC4186F4E2F00A13F13 /* CoreData.framework in Frameworks */,
				AAC03AC3186F4E2500A13F13 /* libxml2.dylib in Frameworks */,
				AAC03AC2186F4E1900A13F13 /* MobileCoreServices.framework in Frameworks */,
				AAC03AC1186F4E0E00A13F13 /* Security.framework in Frameworks */,
				AAC03AC0186F4E0200A13F13 /* SystemConfiguration.framework in Frameworks */,
				AAC03ABF186F4DDF00A13F13 /* libRestKit.a in Frameworks */,
				AAE5EF3A186E4F6400959A01 /* XCTest.framework in Frameworks */,
				AAE5EF3C186E4F6400959A01 /* UIKit.framework in Frameworks */,
				AAE5EF3B186E4F6400959A01 /* Foundation.framework in Frameworks */,
				D22F48DBEA61A41AE269E3A0 /* XCTest.framework in Frameworks */,
			);
			runOnlyForDeploymentPostprocessing = 0;
		};
/* End PBXFrameworksBuildPhase section */

/* Begin PBXGroup section */
		AAE5EF0B186E4F6400959A01 = {
			isa = PBXGroup;
			children = (
				AAE5EF1D186E4F6400959A01 /* Youkeyword */,
				AAE5EF3F186E4F6400959A01 /* YoukeywordTests */,
				AAE5EF16186E4F6400959A01 /* Frameworks */,
				AAE5EF15186E4F6400959A01 /* Products */,
			);
			sourceTree = "<group>";
		};
		AAE5EF15186E4F6400959A01 /* Products */ = {
			isa = PBXGroup;
			children = (
				AAE5EF14186E4F6400959A01 /* Youkeyword.app */,
				AAE5EF38186E4F6400959A01 /* YoukeywordTests.xctest */,
			);
			name = Products;
			sourceTree = "<group>";
		};
		AAE5EF16186E4F6400959A01 /* Frameworks */ = {
			isa = PBXGroup;
			children = (
				AAE5EF5E186E512900959A01 /* RestKit.xcodeproj */,
				AAE5EF5C186E510200959A01 /* SystemConfiguration.framework */,
				AAE5EF5A186E50F600959A01 /* Security.framework */,
				AAE5EF58186E50EF00959A01 /* MobileCoreServices.framework */,
				AAE5EF56186E50E100959A01 /* libxml2.dylib */,
				AAE5EF54186E50D400959A01 /* CoreData.framework */,
				AAE5EF52186E50AD00959A01 /* CFNetwork.framework */,
				AAE5EF50186E50A400959A01 /* QuartzCore.framework */,
				AAE5EF17186E4F6400959A01 /* Foundation.framework */,
				AAE5EF19186E4F6400959A01 /* CoreGraphics.framework */,
				AAE5EF1B186E4F6400959A01 /* UIKit.framework */,
				AAE5EF39186E4F6400959A01 /* XCTest.framework */,
			);
			name = Frameworks;
			sourceTree = "<group>";
		};
		AAE5EF1D186E4F6400959A01 /* Youkeyword */ = {
			isa = PBXGroup;
			children = (
				AAE5EF4F186E4FF100959A01 /* Data */,
				AAE5EF26186E4F6400959A01 /* YKAppDelegate.h */,
				AAE5EF27186E4F6400959A01 /* YKAppDelegate.m */,
				AAE5EF29186E4F6400959A01 /* Main_iPhone.storyboard */,
				AAE5EF2C186E4F6400959A01 /* Main_iPad.storyboard */,
				AAE5EF2F186E4F6400959A01 /* YKViewController.h */,
				AAE5EF30186E4F6400959A01 /* YKViewController.m */,
				AAE5EF32186E4F6400959A01 /* Images.xcassets */,
				AAE5EF1E186E4F6400959A01 /* Supporting Files */,
				D22F453AC5D09DBC1E8FFF21 /* MasterViewController.m */,
				D22F481324A12978AF40CED2 /* VenueCell.m */,
				D22F4918AE9ECD0D13A2E54D /* VenueCell.h */,
				D22F49BAD54239A67D60FA04 /* MasterViewController.h */,
				D22F4FC58C77A12EA45C30E1 /* Notes */,
				D22F4EF11E3BB65640D2681C /* Services */,
			);
			path = Youkeyword;
			sourceTree = "<group>";
		};
		AAE5EF1E186E4F6400959A01 /* Supporting Files */ = {
			isa = PBXGroup;
			children = (
				AAE5EF1F186E4F6400959A01 /* Youkeyword-Info.plist */,
				AAE5EF20186E4F6400959A01 /* InfoPlist.strings */,
				AAE5EF23186E4F6400959A01 /* main.m */,
				AAE5EF25186E4F6400959A01 /* Youkeyword-Prefix.pch */,
			);
			name = "Supporting Files";
			sourceTree = "<group>";
		};
		AAE5EF3F186E4F6400959A01 /* YoukeywordTests */ = {
			isa = PBXGroup;
			children = (
				AAE5EF45186E4F6400959A01 /* YoukeywordTests.m */,
				AAE5EF40186E4F6400959A01 /* Supporting Files */,
				D22F4FBE0F0A39B84251703B /* YoukeywordServiceTests.m */,
				D22F4A6D690812EEA142B3DA /* DTRequestVerifier */,
				D22F4BA959211B83D700113E /* HTTPMethodHostSpecs.m.bak */,
			);
			path = YoukeywordTests;
			sourceTree = "<group>";
		};
		AAE5EF40186E4F6400959A01 /* Supporting Files */ = {
			isa = PBXGroup;
			children = (
				AAE5EF41186E4F6400959A01 /* YoukeywordTests-Info.plist */,
				AAE5EF42186E4F6400959A01 /* InfoPlist.strings */,
			);
			name = "Supporting Files";
			sourceTree = "<group>";
		};
		AAE5EF4F186E4FF100959A01 /* Data */ = {
			isa = PBXGroup;
			children = (
				D22F4350A0E55218524AD134 /* Keywords.m */,
				D22F41EC30EF14D4D778DAED /* Keywords.h */,
				D22F4A879731E89D35DAFAFD /* YKMeanings.m */,
				D22F47006FBF44D171506F42 /* YKMeanings.h */,
				D22F4A8F0E498D61C3DCA01B /* YKSearchResponse.h */,
				D22F4EEABEA80087EF87C143 /* YKSearchResponse.m */,
			);
			name = Data;
			sourceTree = "<group>";
		};
		AAE5EF5F186E512900959A01 /* Products */ = {
			isa = PBXGroup;
			children = (
				AAE5EF67186E512A00959A01 /* libRestKit.a */,
				AAE5EF69186E512A00959A01 /* RestKitTests.octest */,
				AAE5EF6B186E512A00959A01 /* RestKit.framework */,
				AAE5EF6D186E512A00959A01 /* RestKitFrameworkTests.octest */,
				AAE5EF6F186E512A00959A01 /* RestKitResources.bundle */,
			);
			name = Products;
			sourceTree = "<group>";
		};
		D22F4A6D690812EEA142B3DA /* DTRequestVerifier */ = {
			isa = PBXGroup;
			children = (
				D22F4C1595343F77DDDE4295 /* DTRequestVerifier.h */,
				D22F4B390B5E703A4F8DB1A1 /* DTRequestVerifier.m */,
				D22F43EBF0B930A513C463D5 /* RequestVerifierTestCase.m.bak */,
				D22F4E0332F6D7D68543323D /* RequestVerifierTestCase.h.bak */,
			);
			path = DTRequestVerifier;
			sourceTree = "<group>";
		};
		D22F4EF11E3BB65640D2681C /* Services */ = {
			isa = PBXGroup;
			children = (
				D22F4E9E5501D51DB34D9BA6 /* YoukeywordService.m */,
				D22F4001A455026573FA8A45 /* YoukeywordService.h */,
			);
			path = Services;
			sourceTree = "<group>";
		};
		D22F4FC58C77A12EA45C30E1 /* Notes */ = {
			isa = PBXGroup;
			children = (
				D22F4EBBB8BAD05FE1334F07 /* YKNotesListViewController.m */,
				D22F44DE2635BA833D91D11B /* YKNotesListViewController.h */,
				D22F4224CF31B5A141915C29 /* YKNote.m */,
				D22F4E3307C0C2357A71D6C8 /* YKNote.h */,
				D22F42A5AE9D16B20FA52898 /* YKNoteEditorViewController.m */,
				D22F4B19706C8EF1C21ED986 /* YKNoteEditorViewController.h */,
			);
			path = Notes;
			sourceTree = "<group>";
		};
/* End PBXGroup section */

/* Begin PBXNativeTarget section */
		AAE5EF13186E4F6400959A01 /* Youkeyword */ = {
			isa = PBXNativeTarget;
			buildConfigurationList = AAE5EF49186E4F6400959A01 /* Build configuration list for PBXNativeTarget "Youkeyword" */;
			buildPhases = (
				AAE5EF10186E4F6400959A01 /* Sources */,
				AAE5EF11186E4F6400959A01 /* Frameworks */,
				AAE5EF12186E4F6400959A01 /* Resources */,
			);
			buildRules = (
			);
			dependencies = (
				AAE5EF72186E515100959A01 /* PBXTargetDependency */,
			);
			name = Youkeyword;
			productName = Youkeyword;
			productReference = AAE5EF14186E4F6400959A01 /* Youkeyword.app */;
			productType = "com.apple.product-type.application";
		};
		AAE5EF37186E4F6400959A01 /* YoukeywordTests */ = {
			isa = PBXNativeTarget;
			buildConfigurationList = AAE5EF4C186E4F6400959A01 /* Build configuration list for PBXNativeTarget "YoukeywordTests" */;
			buildPhases = (
				AAE5EF34186E4F6400959A01 /* Sources */,
				AAE5EF35186E4F6400959A01 /* Frameworks */,
				AAE5EF36186E4F6400959A01 /* Resources */,
			);
			buildRules = (
			);
			dependencies = (
				AAE5EF3E186E4F6400959A01 /* PBXTargetDependency */,
			);
			name = YoukeywordTests;
			productName = YoukeywordTests;
			productReference = AAE5EF38186E4F6400959A01 /* YoukeywordTests.xctest */;
			productType = "com.apple.product-type.bundle.unit-test";
		};
/* End PBXNativeTarget section */

/* Begin PBXProject section */
		AAE5EF0C186E4F6400959A01 /* Project object */ = {
			isa = PBXProject;
			attributes = {
				CLASSPREFIX = YK;
				LastUpgradeCheck = 0500;
				ORGANIZATIONNAME = apium;
				TargetAttributes = {
					AAE5EF37186E4F6400959A01 = {
						TestTargetID = AAE5EF13186E4F6400959A01;
					};
				};
			};
			buildConfigurationList = AAE5EF0F186E4F6400959A01 /* Build configuration list for PBXProject "Youkeyword" */;
			compatibilityVersion = "Xcode 3.2";
			developmentRegion = English;
			hasScannedForEncodings = 0;
			knownRegions = (
				en,
				Base,
			);
			mainGroup = AAE5EF0B186E4F6400959A01;
			productRefGroup = AAE5EF15186E4F6400959A01 /* Products */;
			projectDirPath = "";
			projectReferences = (
				{
					ProductGroup = AAE5EF5F186E512900959A01 /* Products */;
					ProjectRef = AAE5EF5E186E512900959A01 /* RestKit.xcodeproj */;
				},
			);
			projectRoot = "";
			targets = (
				AAE5EF13186E4F6400959A01 /* Youkeyword */,
				AAE5EF37186E4F6400959A01 /* YoukeywordTests */,
			);
		};
/* End PBXProject section */

/* Begin PBXReferenceProxy section */
		AAE5EF67186E512A00959A01 /* libRestKit.a */ = {
			isa = PBXReferenceProxy;
			fileType = archive.ar;
			path = libRestKit.a;
			remoteRef = AAE5EF66186E512A00959A01 /* PBXContainerItemProxy */;
			sourceTree = BUILT_PRODUCTS_DIR;
		};
		AAE5EF69186E512A00959A01 /* RestKitTests.octest */ = {
			isa = PBXReferenceProxy;
			fileType = wrapper.cfbundle;
			path = RestKitTests.octest;
			remoteRef = AAE5EF68186E512A00959A01 /* PBXContainerItemProxy */;
			sourceTree = BUILT_PRODUCTS_DIR;
		};
		AAE5EF6B186E512A00959A01 /* RestKit.framework */ = {
			isa = PBXReferenceProxy;
			fileType = wrapper.framework;
			path = RestKit.framework;
			remoteRef = AAE5EF6A186E512A00959A01 /* PBXContainerItemProxy */;
			sourceTree = BUILT_PRODUCTS_DIR;
		};
		AAE5EF6D186E512A00959A01 /* RestKitFrameworkTests.octest */ = {
			isa = PBXReferenceProxy;
			fileType = wrapper.cfbundle;
			path = RestKitFrameworkTests.octest;
			remoteRef = AAE5EF6C186E512A00959A01 /* PBXContainerItemProxy */;
			sourceTree = BUILT_PRODUCTS_DIR;
		};
		AAE5EF6F186E512A00959A01 /* RestKitResources.bundle */ = {
			isa = PBXReferenceProxy;
			fileType = wrapper.cfbundle;
			path = RestKitResources.bundle;
			remoteRef = AAE5EF6E186E512A00959A01 /* PBXContainerItemProxy */;
			sourceTree = BUILT_PRODUCTS_DIR;
		};
/* End PBXReferenceProxy section */

/* Begin PBXResourcesBuildPhase section */
		AAE5EF12186E4F6400959A01 /* Resources */ = {
			isa = PBXResourcesBuildPhase;
			buildActionMask = 2147483647;
			files = (
				AAE5EF2E186E4F6400959A01 /* Main_iPad.storyboard in Resources */,
				AAE5EF33186E4F6400959A01 /* Images.xcassets in Resources */,
				AAE5EF2B186E4F6400959A01 /* Main_iPhone.storyboard in Resources */,
				AAE5EF22186E4F6400959A01 /* InfoPlist.strings in Resources */,
			);
			runOnlyForDeploymentPostprocessing = 0;
		};
		AAE5EF36186E4F6400959A01 /* Resources */ = {
			isa = PBXResourcesBuildPhase;
			buildActionMask = 2147483647;
			files = (
				AAE5EF44186E4F6400959A01 /* InfoPlist.strings in Resources */,
			);
			runOnlyForDeploymentPostprocessing = 0;
		};
/* End PBXResourcesBuildPhase section */

/* Begin PBXSourcesBuildPhase section */
		AAE5EF10186E4F6400959A01 /* Sources */ = {
			isa = PBXSourcesBuildPhase;
			buildActionMask = 2147483647;
			files = (
				AAE5EF28186E4F6400959A01 /* YKAppDelegate.m in Sources */,
				AAE5EF31186E4F6400959A01 /* YKViewController.m in Sources */,
				AAE5EF24186E4F6400959A01 /* main.m in Sources */,
				D22F4F840EC910E8D500084B /* Keywords.m in Sources */,
				D22F47EF343DAE772A4C10AD /* MasterViewController.m in Sources */,
				D22F4D6C18885346A26615B3 /* VenueCell.m in Sources */,
				D22F48F1C9874BA1F57EFB25 /* YKNotesListViewController.m in Sources */,
				D22F4D1487E8A039E0E3FE1D /* YKNote.m in Sources */,
				D22F4836FC86A0305E81F354 /* YKNoteEditorViewController.m in Sources */,
				D22F4E89348FF5574EDBD25D /* YKMeanings.m in Sources */,
				D22F43C5E41F3FA6939EE3A2 /* YKSearchResponse.m in Sources */,
				D22F48DDAA5A226ACD2FBF11 /* YoukeywordService.m in Sources */,
				D22F4DD04B0D40AC7FC4CB89 /* DTRequestVerifier.m in Sources */,
				D22F4925238C0F6D9BC99084 /* RequestVerifierTestCase.m.bak in Sources */,
				D22F473796150D7F96049204 /* HTTPMethodHostSpecs.m.bak in Sources */,
			);
			runOnlyForDeploymentPostprocessing = 0;
		};
		AAE5EF34186E4F6400959A01 /* Sources */ = {
			isa = PBXSourcesBuildPhase;
			buildActionMask = 2147483647;
			files = (
				AAE5EF46186E4F6400959A01 /* YoukeywordTests.m in Sources */,
				D22F4FC58A517D4C4868AF4B /* Keywords.m in Sources */,
				D22F47B3C14CAF018A81958B /* MasterViewController.m in Sources */,
				D22F4F53BC67A0D758A0B1A6 /* VenueCell.m in Sources */,
				D22F4DED9EF64B8D62C1B09D /* YKNotesListViewController.m in Sources */,
				D22F44C0035354517F1F1F8A /* YKNote.m in Sources */,
				D22F4A42142FB81A1BB9AE33 /* YKNoteEditorViewController.m in Sources */,
				D22F43BFCF690DA417D69C5A /* YKMeanings.m in Sources */,
				D22F4D3197DA0342F1AAB49A /* YKSearchResponse.m in Sources */,
				D22F4149EF1C938180F4D195 /* YoukeywordService.m in Sources */,
				D22F444456E4A6185A2061AC /* YoukeywordServiceTests.m in Sources */,
				D22F43A811F8CF839992A602 /* DTRequestVerifier.m in Sources */,
				D22F447E93CFBB989D1B4AB4 /* RequestVerifierTestCase.m.bak in Sources */,
				D22F40857356195145F264E3 /* HTTPMethodHostSpecs.m.bak in Sources */,
			);
			runOnlyForDeploymentPostprocessing = 0;
		};
/* End PBXSourcesBuildPhase section */

/* Begin PBXTargetDependency section */
		AAE5EF3E186E4F6400959A01 /* PBXTargetDependency */ = {
			isa = PBXTargetDependency;
			target = AAE5EF13186E4F6400959A01 /* Youkeyword */;
			targetProxy = AAE5EF3D186E4F6400959A01 /* PBXContainerItemProxy */;
		};
		AAE5EF72186E515100959A01 /* PBXTargetDependency */ = {
			isa = PBXTargetDependency;
			name = RestKit;
			targetProxy = AAE5EF71186E515100959A01 /* PBXContainerItemProxy */;
		};
/* End PBXTargetDependency section */

/* Begin PBXVariantGroup section */
		AAE5EF20186E4F6400959A01 /* InfoPlist.strings */ = {
			isa = PBXVariantGroup;
			children = (
				AAE5EF21186E4F6400959A01 /* en */,
			);
			name = InfoPlist.strings;
			sourceTree = "<group>";
		};
		AAE5EF29186E4F6400959A01 /* Main_iPhone.storyboard */ = {
			isa = PBXVariantGroup;
			children = (
				AAE5EF2A186E4F6400959A01 /* Base */,
			);
			name = Main_iPhone.storyboard;
			sourceTree = "<group>";
		};
		AAE5EF2C186E4F6400959A01 /* Main_iPad.storyboard */ = {
			isa = PBXVariantGroup;
			children = (
				AAE5EF2D186E4F6400959A01 /* Base */,
			);
			name = Main_iPad.storyboard;
			sourceTree = "<group>";
		};
		AAE5EF42186E4F6400959A01 /* InfoPlist.strings */ = {
			isa = PBXVariantGroup;
			children = (
				AAE5EF43186E4F6400959A01 /* en */,
			);
			name = InfoPlist.strings;
			sourceTree = "<group>";
		};
/* End PBXVariantGroup section */

/* Begin XCBuildConfiguration section */
		AAE5EF47186E4F6400959A01 /* Debug */ = {
			isa = XCBuildConfiguration;
			buildSettings = {
				ALWAYS_SEARCH_USER_PATHS = NO;
				ARCHS = "$(ARCHS_STANDARD_INCLUDING_64_BIT)";
				CLANG_CXX_LANGUAGE_STANDARD = "gnu++0x";
				CLANG_CXX_LIBRARY = "libc++";
				CLANG_ENABLE_MODULES = YES;
				CLANG_ENABLE_OBJC_ARC = YES;
				CLANG_WARN_BOOL_CONVERSION = YES;
				CLANG_WARN_CONSTANT_CONVERSION = YES;
				CLANG_WARN_DIRECT_OBJC_ISA_USAGE = YES_ERROR;
				CLANG_WARN_EMPTY_BODY = YES;
				CLANG_WARN_ENUM_CONVERSION = YES;
				CLANG_WARN_INT_CONVERSION = YES;
				CLANG_WARN_OBJC_ROOT_CLASS = YES_ERROR;
				CLANG_WARN__DUPLICATE_METHOD_MATCH = YES;
				"CODE_SIGN_IDENTITY[sdk=iphoneos*]" = "iPhone Developer";
				COPY_PHASE_STRIP = NO;
				GCC_C_LANGUAGE_STANDARD = gnu99;
				GCC_DYNAMIC_NO_PIC = NO;
				GCC_OPTIMIZATION_LEVEL = 0;
				GCC_PREPROCESSOR_DEFINITIONS = (
					"DEBUG=1",
					"$(inherited)",
				);
				GCC_SYMBOLS_PRIVATE_EXTERN = NO;
				GCC_WARN_64_TO_32_BIT_CONVERSION = YES;
				GCC_WARN_ABOUT_RETURN_TYPE = YES_ERROR;
				GCC_WARN_UNDECLARED_SELECTOR = YES;
				GCC_WARN_UNINITIALIZED_AUTOS = YES;
				GCC_WARN_UNUSED_FUNCTION = YES;
				GCC_WARN_UNUSED_VARIABLE = YES;
				IPHONEOS_DEPLOYMENT_TARGET = 7.0;
				ONLY_ACTIVE_ARCH = YES;
				SDKROOT = iphoneos;
				TARGETED_DEVICE_FAMILY = "1,2";
			};
			name = Debug;
		};
		AAE5EF48186E4F6400959A01 /* Release */ = {
			isa = XCBuildConfiguration;
			buildSettings = {
				ALWAYS_SEARCH_USER_PATHS = NO;
				ARCHS = "$(ARCHS_STANDARD_INCLUDING_64_BIT)";
				CLANG_CXX_LANGUAGE_STANDARD = "gnu++0x";
				CLANG_CXX_LIBRARY = "libc++";
				CLANG_ENABLE_MODULES = YES;
				CLANG_ENABLE_OBJC_ARC = YES;
				CLANG_WARN_BOOL_CONVERSION = YES;
				CLANG_WARN_CONSTANT_CONVERSION = YES;
				CLANG_WARN_DIRECT_OBJC_ISA_USAGE = YES_ERROR;
				CLANG_WARN_EMPTY_BODY = YES;
				CLANG_WARN_ENUM_CONVERSION = YES;
				CLANG_WARN_INT_CONVERSION = YES;
				CLANG_WARN_OBJC_ROOT_CLASS = YES_ERROR;
				CLANG_WARN__DUPLICATE_METHOD_MATCH = YES;
				"CODE_SIGN_IDENTITY[sdk=iphoneos*]" = "iPhone Developer";
				COPY_PHASE_STRIP = YES;
				ENABLE_NS_ASSERTIONS = NO;
				GCC_C_LANGUAGE_STANDARD = gnu99;
				GCC_WARN_64_TO_32_BIT_CONVERSION = YES;
				GCC_WARN_ABOUT_RETURN_TYPE = YES_ERROR;
				GCC_WARN_UNDECLARED_SELECTOR = YES;
				GCC_WARN_UNINITIALIZED_AUTOS = YES;
				GCC_WARN_UNUSED_FUNCTION = YES;
				GCC_WARN_UNUSED_VARIABLE = YES;
				IPHONEOS_DEPLOYMENT_TARGET = 7.0;
				SDKROOT = iphoneos;
				TARGETED_DEVICE_FAMILY = "1,2";
				VALIDATE_PRODUCT = YES;
			};
			name = Release;
		};
		AAE5EF4A186E4F6400959A01 /* Debug */ = {
			isa = XCBuildConfiguration;
			buildSettings = {
				ASSETCATALOG_COMPILER_APPICON_NAME = AppIcon;
				ASSETCATALOG_COMPILER_LAUNCHIMAGE_NAME = LaunchImage;
				GCC_PRECOMPILE_PREFIX_HEADER = YES;
				GCC_PREFIX_HEADER = "Youkeyword/Youkeyword-Prefix.pch";
				HEADER_SEARCH_PATHS = (
					"$(inherited)",
					/Applications/Xcode.app/Contents/Developer/Toolchains/XcodeDefault.xctoolchain/usr/include,
					"\"$(BUILT_PRODUCTS_DIR)/../../Headers\"",
				);
				INFOPLIST_FILE = "Youkeyword/Youkeyword-Info.plist";
				OTHER_LDFLAGS = "-ObjC";
				PRODUCT_NAME = "$(TARGET_NAME)";
				WRAPPER_EXTENSION = app;
			};
			name = Debug;
		};
		AAE5EF4B186E4F6400959A01 /* Release */ = {
			isa = XCBuildConfiguration;
			buildSettings = {
				ASSETCATALOG_COMPILER_APPICON_NAME = AppIcon;
				ASSETCATALOG_COMPILER_LAUNCHIMAGE_NAME = LaunchImage;
				GCC_PRECOMPILE_PREFIX_HEADER = YES;
				GCC_PREFIX_HEADER = "Youkeyword/Youkeyword-Prefix.pch";
				HEADER_SEARCH_PATHS = (
					"$(inherited)",
					/Applications/Xcode.app/Contents/Developer/Toolchains/XcodeDefault.xctoolchain/usr/include,
					"\"$(BUILT_PRODUCTS_DIR)/../../Headers\"",
				);
				INFOPLIST_FILE = "Youkeyword/Youkeyword-Info.plist";
				OTHER_LDFLAGS = "-ObjC";
				PRODUCT_NAME = "$(TARGET_NAME)";
				WRAPPER_EXTENSION = app;
			};
			name = Release;
		};
		AAE5EF4D186E4F6400959A01 /* Debug */ = {
			isa = XCBuildConfiguration;
			buildSettings = {
				ARCHS = "$(ARCHS_STANDARD_INCLUDING_64_BIT)";
				BUNDLE_LOADER = "$(BUILT_PRODUCTS_DIR)/Youkeyword.app/Youkeyword";
				FRAMEWORK_SEARCH_PATHS = (
					"$(SDKROOT)/Developer/Library/Frameworks",
					"$(inherited)",
					"$(DEVELOPER_FRAMEWORKS_DIR)",
				);
				GCC_PRECOMPILE_PREFIX_HEADER = YES;
				GCC_PREFIX_HEADER = "Youkeyword/Youkeyword-Prefix.pch";
				GCC_PREPROCESSOR_DEFINITIONS = (
					"DEBUG=1",
					"$(inherited)",
				);
				HEADER_SEARCH_PATHS = (
					"$(inherited)",
					/Applications/Xcode.app/Contents/Developer/Toolchains/XcodeDefault.xctoolchain/usr/include,
					"\"$(BUILT_PRODUCTS_DIR)/../../Headers\"",
				);
				INFOPLIST_FILE = "YoukeywordTests/YoukeywordTests-Info.plist";
				OTHER_LDFLAGS = (
					"$(inherited)",
					"-framework",
					XCTest,
					"-ObjC",
				);
				PRODUCT_NAME = "$(TARGET_NAME)";
				TEST_HOST = "$(BUNDLE_LOADER)";
				WRAPPER_EXTENSION = xctest;
			};
			name = Debug;
		};
		AAE5EF4E186E4F6400959A01 /* Release */ = {
			isa = XCBuildConfiguration;
			buildSettings = {
				ARCHS = "$(ARCHS_STANDARD_INCLUDING_64_BIT)";
				BUNDLE_LOADER = "$(BUILT_PRODUCTS_DIR)/Youkeyword.app/Youkeyword";
				FRAMEWORK_SEARCH_PATHS = (
					"$(SDKROOT)/Developer/Library/Frameworks",
					"$(inherited)",
					"$(DEVELOPER_FRAMEWORKS_DIR)",
				);
				GCC_PRECOMPILE_PREFIX_HEADER = YES;
				GCC_PREFIX_HEADER = "Youkeyword/Youkeyword-Prefix.pch";
				HEADER_SEARCH_PATHS = (
					"$(inherited)",
					/Applications/Xcode.app/Contents/Developer/Toolchains/XcodeDefault.xctoolchain/usr/include,
					"\"$(BUILT_PRODUCTS_DIR)/../../Headers\"",
				);
				INFOPLIST_FILE = "YoukeywordTests/YoukeywordTests-Info.plist";
				OTHER_LDFLAGS = (
					"$(inherited)",
					"-framework",
					XCTest,
					"-ObjC",
				);
				PRODUCT_NAME = "$(TARGET_NAME)";
				TEST_HOST = "$(BUNDLE_LOADER)";
				WRAPPER_EXTENSION = xctest;
			};
			name = Release;
		};
/* End XCBuildConfiguration section */

/* Begin XCConfigurationList section */
		AAE5EF0F186E4F6400959A01 /* Build configuration list for PBXProject "Youkeyword" */ = {
			isa = XCConfigurationList;
			buildConfigurations = (
				AAE5EF47186E4F6400959A01 /* Debug */,
				AAE5EF48186E4F6400959A01 /* Release */,
			);
			defaultConfigurationIsVisible = 0;
			defaultConfigurationName = Release;
		};
		AAE5EF49186E4F6400959A01 /* Build configuration list for PBXNativeTarget "Youkeyword" */ = {
			isa = XCConfigurationList;
			buildConfigurations = (
				AAE5EF4A186E4F6400959A01 /* Debug */,
				AAE5EF4B186E4F6400959A01 /* Release */,
			);
			defaultConfigurationIsVisible = 0;
			defaultConfigurationName = Release;
		};
		AAE5EF4C186E4F6400959A01 /* Build configuration list for PBXNativeTarget "YoukeywordTests" */ = {
			isa = XCConfigurationList;
			buildConfigurations = (
				AAE5EF4D186E4F6400959A01 /* Debug */,
				AAE5EF4E186E4F6400959A01 /* Release */,
			);
			defaultConfigurationIsVisible = 0;
			defaultConfigurationName = Release;
		};
/* End XCConfigurationList section */
	};
	rootObject = AAE5EF0C186E4F6400959A01 /* Project object */;
}
